PODS:
  - AFNetworking (3.2.1):
    - AFNetworking/NSURLSession (= 3.2.1)
    - AFNetworking/Reachability (= 3.2.1)
    - AFNetworking/Security (= 3.2.1)
    - AFNetworking/Serialization (= 3.2.1)
    - AFNetworking/UIKit (= 3.2.1)
  - AFNetworking/NSURLSession (3.2.1):
    - AFNetworking/Reachability
    - AFNetworking/Security
    - AFNetworking/Serialization
  - AFNetworking/Reachability (3.2.1)
  - AFNetworking/Security (3.2.1)
  - AFNetworking/Serialization (3.2.1)
  - AFNetworking/UIKit (3.2.1):
    - AFNetworking/NSURLSession
  - BCGenieEffect (1.1)
  - CHTCollectionViewWaterfallLayout (0.9.7):
    - CHTCollectionViewWaterfallLayout/ObjC (= 0.9.7)
  - CHTCollectionViewWaterfallLayout/ObjC (0.9.7)
  - CocoaAsyncSocket (7.6.3)
  - NSObject-ObjectMap (2.3.1)
  - RNThemeManager (0.1.0)
  - SCRScrollMenuController (0.5)
  - SVProgressHUD (2.1.2)
  - UIColor-HexString (1.3.0)

DEPENDENCIES:
  - AFNetworking
  - BCGenieEffect
  - CHTCollectionViewWaterfallLayout
  - CocoaAsyncSocket
  - NSObject-ObjectMap
  - RNThemeManager
  - SCRScrollMenuController (from `https://raw.githubusercontent.com/joeshang/SCRScrollMenuController/master/SCRScrollMenuController.podspec`)
  - SVProgressHUD
  - UIColor-HexString

SPEC REPOS:
  https://github.com/cocoapods/specs.git:
    - AFNetworking
    - BCGenieEffect
    - CHTCollectionViewWaterfallLayout
    - CocoaAsyncSocket
    - NSObject-ObjectMap
    - RNThemeManager
    - SVProgressHUD
    - UIColor-HexString

EXTERNAL SOURCES:
  SCRScrollMenuController:
    :podspec: https://raw.githubusercontent.com/joeshang/SCRScrollMenuController/master/SCRScrollMenuController.podspec

SPEC CHECKSUMS:
  AFNetworking: b6f891fdfaed196b46c7a83cf209e09697b94057
  BCGenieEffect: 3efb235716f121caa6b26040bfd0ae11e1bae4b4
  CHTCollectionViewWaterfallLayout: 9d11068fafecac106695bb5a5d6d0f738483b598
  CocoaAsyncSocket: eafaa68a7e0ec99ead0a7b35015e0bf25d2c8987
  NSObject-ObjectMap: 3223c0c994a8e3de44ccb74ddf3e63c86821c015
  RNThemeManager: 7734a5619abe15e21556c9c3ff2df8f3ab20a538
  SCRScrollMenuController: 78072374235973ddc8dcfa246a922d909f7d3ae6
  SVProgressHUD: c404a55d78acbeb7ebb78b76d3faf986475a6994
  UIColor-HexString: fadc2e1389db19147ac99dee92222d3bd8bfec4a

PODFILE CHECKSUM: c79af33981f3fbd5e33770b1fea947f84d8b0d02

COCOAPODS: 1.5.3
